
Microsoft Visual Studio Solution File, Format Version 12.00
# Visual Studio Version 16
VisualStudioVersion = 16.0.30517.126
MinimumVisualStudioVersion = 10.0.40219.1
Project("{9A19103F-16F7-4668-BE54-9A1E7A4F7556}") = "Shop", "Shop.csproj", "{3CF9F8F4-1ECD-4C90-9CCB-D4F0BABC274A}"
EndProject
Global
	GlobalSection(SolutionConfigurationPlatforms) = preSolution
		Debug|Any CPU = Debug|Any CPU
		Release|Any CPU = Release|Any CPU
	EndGlobalSection
	GlobalSection(ProjectConfigurationPlatforms) = postSolution
		{3CF9F8F4-1ECD-4C90-9CCB-D4F0BABC274A}.Debug|Any CPU.ActiveCfg = Debug|Any CPU
		{3CF9F8F4-1ECD-4C90-9CCB-D4F0BABC274A}.Debug|Any CPU.Build.0 = Debug|Any CPU
		{3CF9F8F4-1ECD-4C90-9CCB-D4F0BABC274A}.Release|Any CPU.ActiveCfg = Release|Any CPU
		{3CF9F8F4-1ECD-4C90-9CCB-D4F0BABC274A}.Release|Any CPU.Build.0 = Release|Any CPU
	EndGlobalSection
	GlobalSection(SolutionProperties) = preSolution
		HideSolutionNode = FALSE
	EndGlobalSection
	GlobalSection(ExtensibilityGlobals) = postSolution
		SolutionGuid = {BC553B05-6FC7-4651-99E7-9E42655951FF}
	EndGlobalSection
EndGlobal
